// !$*UTF8*$!
{
	archiveVersion = 1;
	classes = {
	};
	objectVersion = 56;
	objects = {

/* Begin PBXBuildFile section */
		A297BF2E15B342A9A7AA5ABA /* AnMatesApp.swift in Sources */ = {isa = PBXBuildFile; fileRef = 6712B97F62664FE1AFCB2EA2 /* AnMatesApp.swift */; };
		EEC88E026431477690D804F0 /* ContentView.swift in Sources */ = {isa = PBXBuildFile; fileRef = 3324FF28A2E7431E8C707765 /* ContentView.swift */; };
		6B036C0D2BE5438DA1D16391 /* Models.swift in Sources */ = {isa = PBXBuildFile; fileRef = C5C4C934569F4FBCB4860896 /* Models.swift */; };
		8B5F2726E87A4799A67C335C /* DiscoverView.swift in Sources */ = {isa = PBXBuildFile; fileRef = 472CB7EB0AD344A49AA7DAF9 /* DiscoverView.swift */; };
		5B46A36AAF594DD394CC3AF6 /* MatchView.swift in Sources */ = {isa = PBXBuildFile; fileRef = 42C4BF5F24054C1BBF5E601E /* MatchView.swift */; };
		9CB7CA379B594B678FBA2D48 /* ChatListView.swift in Sources */ = {isa = PBXBuildFile; fileRef = 93A90AC4B9EC4575A93E9DDC /* ChatListView.swift */; };
		CCE99A169B0E42E79DA184DE /* ChatDetailView.swift in Sources */ = {isa = PBXBuildFile; fileRef = 164FF03F5ADF4E1883118FEF /* ChatDetailView.swift */; };
		BC7A408F67634E1CAEDDCB98 /* ProfileView.swift in Sources */ = {isa = PBXBuildFile; fileRef = 4C45F4C9EF2C4B92890125DD /* ProfileView.swift */; };
		735BB095E5E3413CACEA350B /* Assets.xcassets in Resources */ = {isa = PBXBuildFile; fileRef = 3142465699174E82B6E3A8F7 /* Assets.xcassets */; };
/* End PBXBuildFile section */

/* Begin PBXFileReference section */
		6712B97F62664FE1AFCB2EA2 /* AnMatesApp.swift */ = {isa = PBXFileReference; lastKnownFileType = sourcecode.swift; path = AnMatesApp.swift; sourceTree = "<group>"; };
		3324FF28A2E7431E8C707765 /* ContentView.swift */ = {isa = PBXFileReference; lastKnownFileType = sourcecode.swift; path = ContentView.swift; sourceTree = "<group>"; };
		C5C4C934569F4FBCB4860896 /* Models.swift */ = {isa = PBXFileReference; lastKnownFileType = sourcecode.swift; path = Models.swift; sourceTree = "<group>"; };
		472CB7EB0AD344A49AA7DAF9 /* DiscoverView.swift */ = {isa = PBXFileReference; lastKnownFileType = sourcecode.swift; path = DiscoverView.swift; sourceTree = "<group>"; };
		42C4BF5F24054C1BBF5E601E /* MatchView.swift */ = {isa = PBXFileReference; lastKnownFileType = sourcecode.swift; path = MatchView.swift; sourceTree = "<group>"; };
		93A90AC4B9EC4575A93E9DDC /* ChatListView.swift */ = {isa = PBXFileReference; lastKnownFileType = sourcecode.swift; path = ChatListView.swift; sourceTree = "<group>"; };
		164FF03F5ADF4E1883118FEF /* ChatDetailView.swift */ = {isa = PBXFileReference; lastKnownFileType = sourcecode.swift; path = ChatDetailView.swift; sourceTree = "<group>"; };
		4C45F4C9EF2C4B92890125DD /* ProfileView.swift */ = {isa = PBXFileReference; lastKnownFileType = sourcecode.swift; path = ProfileView.swift; sourceTree = "<group>"; };
		3142465699174E82B6E3A8F7 /* Assets.xcassets */ = {isa = PBXFileReference; lastKnownFileType = folder.assetcatalog; path = Assets.xcassets; sourceTree = "<group>"; };
/* End PBXFileReference section */

/* Begin PBXFrameworksBuildPhase section */
		BB776F538CA344458B6EAC7A /* Frameworks */ = {
			isa = PBXFrameworksBuildPhase;
			buildActionMask = 2147483647;
			files = (
			);
			runOnlyForDeploymentPostprocessing = 0;
		};
/* End PBXFrameworksBuildPhase section */

/* Begin PBXGroup section */
		6FADD49D83E24A00BBE0C52E /* AnMates */ = {
			isa = PBXGroup;
			children = (
				6712B97F62664FE1AFCB2EA2 /* AnMatesApp.swift */,
				3324FF28A2E7431E8C707765 /* ContentView.swift */,
				C31B560E223C4931A154032D /* Views */,
				05106CBCC6B5402E903AED0C /* Models */,
				3142465699174E82B6E3A8F7 /* Assets.xcassets */,
			);
			path = AnMates;
			sourceTree = "<group>";
		};
		C31B560E223C4931A154032D /* Views */ = {
			isa = PBXGroup;
			children = (
				472CB7EB0AD344A49AA7DAF9 /* DiscoverView.swift */,
				42C4BF5F24054C1BBF5E601E /* MatchView.swift */,
				93A90AC4B9EC4575A93E9DDC /* ChatListView.swift */,
				164FF03F5ADF4E1883118FEF /* ChatDetailView.swift */,
				4C45F4C9EF2C4B92890125DD /* ProfileView.swift */,
			);
			path = Views;
			sourceTree = "<group>";
		};
		05106CBCC6B5402E903AED0C /* Models */ = {
			isa = PBXGroup;
			children = (
				C5C4C934569F4FBCB4860896 /* Models.swift */,
			);
			path = Models;
			sourceTree = "<group>";
		};
/* End PBXGroup section */

/* Begin PBXNativeTarget section */
		4DB52444AEFA421B8C94CACA /* AnMates */ = {
			isa = PBXNativeTarget;
			buildConfigurationList = 84B1559CCC1644CBB2F19B45 /* Build configuration list for PBXNativeTarget "AnMates" */;
			buildPhases = (
				F75B1BE934DD444E9B047472 /* Sources */,
				BB776F538CA344458B6EAC7A /* Frameworks */,
				1ED8A87B613C48E28A7D2463 /* Resources */,
			);
			buildRules = (
			);
			dependencies = (
			);
			name = AnMates;
			packageProductDependencies = (
			);
			productName = AnMates;
			productType = "com.apple.product-type.application";
		};
/* End PBXNativeTarget section */

/* Begin PBXProject section */
		0C5FE73E943846B3B0110DE4 /* Project object */ = {
			isa = PBXProject;
			attributes = {
				BuildIndependentTargetsInParallel = 1;
				LastSwiftUpdateCheck = 1500;
				LastUpgradeCheck = 1500;
				TargetAttributes = {
					4DB52444AEFA421B8C94CACA = {
						CreatedOnToolsVersion = 15.0;
					};
				};
			};
			buildConfigurationList = 7F2DBEB222DA40838A49393F /* Build configuration list for PBXProject "AnMates" */;
			compatibilityVersion = "Xcode 14.0";
			developmentRegion = en;
			hasScannedForEncodings = 0;
			knownRegions = (
				en,
				Base,
			);
			mainGroup = 6FADD49D83E24A00BBE0C52E;
			minimumXcodeVersion = 14.0;
			productRefGroup = 6FADD49D83E24A00BBE0C52E;
			projectDirPath = "";
			projectRoot = "";
			targets = (
				4DB52444AEFA421B8C94CACA /* AnMates */,
			);
		};
/* End PBXProject section */

/* Begin PBXResourcesBuildPhase section */
		1ED8A87B613C48E28A7D2463 /* Resources */ = {
			isa = PBXResourcesBuildPhase;
			buildActionMask = 2147483647;
			files = (
				735BB095E5E3413CACEA350B /* Assets.xcassets in Resources */,
			);
			runOnlyForDeploymentPostprocessing = 0;
		};
/* End PBXResourcesBuildPhase section */

/* Begin PBXSourcesBuildPhase section */
		F75B1BE934DD444E9B047472 /* Sources */ = {
			isa = PBXSourcesBuildPhase;
			buildActionMask = 2147483647;
			files = (
				A297BF2E15B342A9A7AA5ABA /* AnMatesApp.swift in Sources */,
				EEC88E026431477690D804F0 /* ContentView.swift in Sources */,
				6B036C0D2BE5438DA1D16391 /* Models.swift in Sources */,
				8B5F2726E87A4799A67C335C /* DiscoverView.swift in Sources */,
				5B46A36AAF594DD394CC3AF6 /* MatchView.swift in Sources */,
				9CB7CA379B594B678FBA2D48 /* ChatListView.swift in Sources */,
				CCE99A169B0E42E79DA184DE /* ChatDetailView.swift in Sources */,
				BC7A408F67634E1CAEDDCB98 /* ProfileView.swift in Sources */,
			);
			runOnlyForDeploymentPostprocessing = 0;
		};
/* End PBXSourcesBuildPhase section */

/* Begin XCBuildConfiguration section */
		FD7C2A9A5C35419880711F61 /* Debug */ = {
			isa = XCBuildConfiguration;
			buildSettings = {
				ALWAYS_SEARCH_USER_PATHS = NO;
				ASSET_CATALOG_COMPILER_OPTIMIZATION = space;
				CLANG_ANALYZER_NONNULL = YES;
				CLANG_ANALYZER_NUMBER_OBJECT_CONVERSION = YES_AGGRESSIVE;
				CLANG_CXX_LANGUAGE_STANDARD = "gnu++20";
				CLANG_ENABLE_MODULES = YES;
				CLANG_ENABLE_OBJC_ARC = YES;
				CLANG_ENABLE_OBJC_WEAK = YES;
				CLANG_WARN_BLOCK_CAPTURE_AUTORELEASING = YES;
				CLANG_WARN_BOOL_CONVERSION = YES;
				CLANG_WARN_COMMA = YES;
				CLANG_WARN_CONSTANT_CONVERSION = YES;
				CLANG_WARN_DEPRECATED_OBJC_IMPLEMENTATIONS = YES;
				CLANG_WARN_DIRECT_OBJC_ISA_USAGE = YES_ERROR;
				CLANG_WARN_DOCUMENTATION_COMMENTS = YES;
				CLANG_WARN_EMPTY_BODY = YES;
				CLANG_WARN_ENUM_CONVERSION = YES;
				CLANG_WARN_INFINITE_RECURSION = YES;
				CLANG_WARN_INT_CONVERSION = YES;
				CLANG_WARN_NON_LITERAL_NULL_CONVERSION = YES;
				CLANG_WARN_OBJC_IMPLICIT_RETAIN_SELF = YES;
				CLANG_WARN_OBJC_LITERAL_CONVERSION = YES;
				CLANG_WARN_OBJC_ROOT_CLASS = YES_ERROR;
				CLANG_WARN_QUOTED_INCLUDE_IN_FRAMEWORK_HEADER = YES;
				CLANG_WARN_RANGE_LOOP_ANALYSIS = YES;
				CLANG_WARN_STRICT_PROTOTYPES = YES;
				CLANG_WARN_SUSPICIOUS_MOVE = YES;
				CLANG_WARN_UNGUARDED_AVAILABILITY = YES_AGGRESSIVE;
				CLANG_WARN_UNREACHABLE_CODE = YES;
				CLANG_WARN__DUPLICATE_METHOD_MATCH = YES;
				COPY_PHASE_STRIP = NO;
				DEBUG_INFORMATION_FORMAT = dwarf;
				ENABLE_STRICT_OBJC_MSGSEND = YES;
				ENABLE_TESTABILITY = YES;
				GCC_C_LANGUAGE_STANDARD = gnu17;
				GCC_DYNAMIC_NO_PIC = NO;
				GCC_NO_COMMON_BLOCKS = YES;
				GCC_OPTIMIZATION_LEVEL = 0;
				GCC_PREPROCESSOR_DEFINITIONS = (
					"DEBUG=1",
					"$(inherited)",
				);
				GCC_WARN_64_TO_32_BIT_CONVERSION = YES;
				GCC_WARN_ABOUT_RETURN_TYPE = YES_ERROR;
				GCC_WARN_UNDECLARED_SELECTOR = YES;
				GCC_WARN_UNINITIALIZED_AUTOS = YES_AGGRESSIVE;
				GCC_WARN_UNUSED_FUNCTION = YES;
				GCC_WARN_UNUSED_VARIABLE = YES;
				IPHONEOS_DEPLOYMENT_TARGET = 17.0;
				MTL_ENABLE_DEBUG_INFO = INCLUDE_SOURCE;
				MTL_FAST_MATH = YES;
				ONLY_ACTIVE_ARCH = YES;
				SDKROOT = iphoneos;
				SWIFT_ACTIVE_COMPILATION_CONDITIONS = DEBUG;
				SWIFT_OPTIMIZATION_LEVEL = "-Onone";
			};
			name = Debug;
		};
		30E52B2B1A2F41FD93B41071 /* Release */ = {
			isa = XCBuildConfiguration;
			buildSettings = {
				ALWAYS_SEARCH_USER_PATHS = NO;
				ASSET_CATALOG_COMPILER_OPTIMIZATION = space;
				CLANG_ANALYZER_NONNULL = YES;
				CLANG_CXX_LANGUAGE_STANDARD = "gnu++20";
				CLANG_ENABLE_MODULES = YES;
				CLANG_ENABLE_OBJC_ARC = YES;
				CLANG_ENABLE_OBJC_WEAK = YES;
				CLANG_WARN_BLOCK_CAPTURE_AUTORELEASING = YES;
				CLANG_WARN_BOOL_CONVERSION = YES;
				CLANG_WARN_COMMA = YES;
				CLANG_WARN_CONSTANT_CONVERSION = YES;
				CLANG_WARN_DEPRECATED_OBJC_IMPLEMENTATIONS = YES;
				CLANG_WARN_DIRECT_OBJC_ISA_USAGE = YES_ERROR;
				CLANG_WARN_DOCUMENTATION_COMMENTS = YES;
				CLANG_WARN_EMPTY_BODY = YES;
				CLANG_WARN_ENUM_CONVERSION = YES;
				CLANG_WARN_INFINITE_RECURSION = YES;
				CLANG_WARN_INT_CONVERSION = YES;
				CLANG_WARN_NON_LITERAL_NULL_CONVERSION = YES;
				CLANG_WARN_OBJC_IMPLICIT_RETAIN_SELF = YES;
				CLANG_WARN_OBJC_LITERAL_CONVERSION = YES;
				CLANG_WARN_OBJC_ROOT_CLASS = YES_ERROR;
				CLANG_WARN_RANGE_LOOP_ANALYSIS = YES;
				CLANG_WARN_STRICT_PROTOTYPES = YES;
				CLANG_WARN_SUSPICIOUS_MOVE = YES;
				CLANG_WARN_UNGUARDED_AVAILABILITY = YES_AGGRESSIVE;
				CLANG_WARN_UNREACHABLE_CODE = YES;
				CLANG_WARN__DUPLICATE_METHOD_MATCH = YES;
				COPY_PHASE_STRIP = NO;
				DEBUG_INFORMATION_FORMAT = "dwarf-with-dsym";
				ENABLE_NS_ASSERTIONS = NO;
				ENABLE_STRICT_OBJC_MSGSEND = YES;
				GCC_C_LANGUAGE_STANDARD = gnu17;
				GCC_NO_COMMON_BLOCKS = YES;
				GCC_WARN_64_TO_32_BIT_CONVERSION = YES;
				GCC_WARN_ABOUT_RETURN_TYPE = YES_ERROR;
				GCC_WARN_UNDECLARED_SELECTOR = YES;
				GCC_WARN_UNINITIALIZED_AUTOS = YES_AGGRESSIVE;
				GCC_WARN_UNUSED_FUNCTION = YES;
				GCC_WARN_UNUSED_VARIABLE = YES;
				IPHONEOS_DEPLOYMENT_TARGET = 17.0;
				MTL_FAST_MATH = YES;
				SDKROOT = iphoneos;
				SWIFT_COMPILATION_MODE = wholemodule;
				SWIFT_OPTIMIZATION_LEVEL = "-O";
				VALIDATE_PRODUCT = YES;
			};
			name = Release;
		};
		688768B5DF094A3FB76D95BF /* Debug */ = {
			isa = XCBuildConfiguration;
			buildSettings = {
				ASSTECAT_COMPILER_OPTIMIZATION = space;
				CODE_SIGN_STYLE = Automatic;
				CURRENT_PROJECT_VERSION = 1;
				DEVELOPMENT_ASSET_PATHS = "";
				ENABLE_PREVIEWS = YES;
				GENERATE_INFOPLIST_FILE = YES;
				INFOPLIST_KEY_UIApplicationSceneManifest_Generation = YES;
				INFOPLIST_KEY_UIApplicationSupportsIndirectInputEvents = YES;
				INFOPLIST_KEY_UILaunchScreen_Generation = YES;
				INFOPLIST_KEY_UISupportedInterfaceOrientations_iPhone = UIInterfaceOrientationPortrait;
				IPHONEOS_DEPLOYMENT_TARGET = 17.0;
				LE_SWIFT_VERSION = 5.0;
				MARKETING_VERSION = 1.0;
				PRODUCT_BUNDLE_IDENTIFIER = com.anmates.app;
				PRODUCT_NAME = "$(TARGET_NAME)";
				SDKROOT = iphoneos;
				SUPPORTED_PLATFORMS = "iphonesimulator iphoneos";
				SWIFT_EMIT_LOC_STRINGS = YES;
				SWIFT_VERSION = 5.0;
				TARGETED_DEVICE_FAMILY = "1,2";
			};
			name = Debug;
		};
		917E4A832ECA4DCB8B9189A6 /* Release */ = {
			isa = XCBuildConfiguration;
			buildSettings = {
				ASSET_CATALOG_COMPILER_OPTIMIZATION = space;
				CODE_SIGN_STYLE = Automatic;
				CURRENT_PROJECT_VERSION = 1;
				DEVELOPMENT_ASSET_PATHS = "";
				ENABLE_PREVIEWS = YES;
				GENERATE_INFOPLIST_FILE = YES;
				INFOPLIST_KEY_UIApplicationSceneManifest_Generation = YES;
				INFOPLIST_KEY_UIApplicationSupportsIndirectInputEvents = YES;
				INFOPLIST_KEY_UILaunchScreen_Generation = YES;
				INFOPLIST_KEY_UISupportedInterfaceOrientations_iPhone = UIInterfaceOrientationPortrait;
				IPHONEOS_DEPLOYMENT_TARGET = 17.0;
				LE_SWIFT_VERSION = 5.0;
				MARKETING_VERSION = 1.0;
				PRODUCT_BUNDLE_IDENTIFIER = com.anmates.app;
				PRODUCT_NAME = "$(TARGET_NAME)";
				SDKROOT = iphoneos;
				SUPPORTED_PLATFORMS = "iphonesimulator iphoneos";
				SWIFT_EMIT_LOC_STRINGS = YES;
				SWIFT_VERSION = 5.0;
				TARGETED_DEVICE_FAMILY = "1,2";
			};
			name = Release;
		};
/* End XCBuildConfiguration section */

/* Begin XCConfigurationList section */
		7F2DBEB222DA40838A49393F /* Build configuration list for PBXProject "AnMates" */ = {
			isa = XCConfigurationList;
			buildConfigurations = (
				FD7C2A9A5C35419880711F61 /* Debug */,
				30E52B2B1A2F41FD93B41071 /* Release */,
			);
			defaultConfigurationIsVisible = 0;
			defaultConfigurationName = Release;
		};
		84B1559CCC1644CBB2F19B45 /* Build configuration list for PBXNativeTarget "AnMates" */ = {
			isa = XCConfigurationList;
			buildConfigurations = (
				688768B5DF094A3FB76D95BF /* Debug */,
				917E4A832ECA4DCB8B9189A6 /* Release */,
			);
			defaultConfigurationIsVisible = 0;
			defaultConfigurationName = Release;
		};
/* End XCConfigurationList section */
	};
	rootObject = 0C5FE73E943846B3B0110DE4 /* Project object */;
}
